
Microsoft Visual Studio Solution File, Format Version 12.00
# Visual Studio Version 17
VisualStudioVersion = 17.5.33530.505
MinimumVisualStudioVersion = 10.0.40219.1
Project("{FAE04EC0-301F-11D3-BF4B-00C04F79EFBC}") = "BloodBank.API", "BloodBank.API\BloodBank.API.csproj", "{5B48C39A-C276-490F-BA65-D5ED75C44364}"
EndProject
Project("{FAE04EC0-301F-11D3-BF4B-00C04F79EFBC}") = "BloodBank.Application", "BloodBank.Application\BloodBank.Application.csproj", "{A44952A2-74BA-46A0-A81B-DF2CC7FB0A3C}"
EndProject
Project("{9A19103F-16F7-4668-BE54-9A1E7A4F7556}") = "BloodBank.Domain", "BloodBank.Domain\BloodBank.Domain.csproj", "{3F423EF1-A6F2-4932-934E-0DBC2CFF4F43}"
EndProject
Project("{FAE04EC0-301F-11D3-BF4B-00C04F79EFBC}") = "BloodBank.Infrastructure", "BloodBank.Infrastructure\BloodBank.Infrastructure.csproj", "{9C149E09-CEB6-426B-8018-AFD75F2644D1}"
EndProject
Project("{FAE04EC0-301F-11D3-BF4B-00C04F79EFBC}") = "BloodBank.Test", "BloodBank.Test\BloodBank.Test.csproj", "{416F0DAF-806F-43D3-8CBF-3805355E4BFA}"
EndProject
Global
	GlobalSection(SolutionConfigurationPlatforms) = preSolution
		Debug|Any CPU = Debug|Any CPU
		Release|Any CPU = Release|Any CPU
	EndGlobalSection
	GlobalSection(ProjectConfigurationPlatforms) = postSolution
		{5B48C39A-C276-490F-BA65-D5ED75C44364}.Debug|Any CPU.ActiveCfg = Debug|Any CPU
		{5B48C39A-C276-490F-BA65-D5ED75C44364}.Debug|Any CPU.Build.0 = Debug|Any CPU
		{5B48C39A-C276-490F-BA65-D5ED75C44364}.Release|Any CPU.ActiveCfg = Release|Any CPU
		{5B48C39A-C276-490F-BA65-D5ED75C44364}.Release|Any CPU.Build.0 = Release|Any CPU
		{A44952A2-74BA-46A0-A81B-DF2CC7FB0A3C}.Debug|Any CPU.ActiveCfg = Debug|Any CPU
		{A44952A2-74BA-46A0-A81B-DF2CC7FB0A3C}.Debug|Any CPU.Build.0 = Debug|Any CPU
		{A44952A2-74BA-46A0-A81B-DF2CC7FB0A3C}.Release|Any CPU.ActiveCfg = Release|Any CPU
		{A44952A2-74BA-46A0-A81B-DF2CC7FB0A3C}.Release|Any CPU.Build.0 = Release|Any CPU
		{3F423EF1-A6F2-4932-934E-0DBC2CFF4F43}.Debug|Any CPU.ActiveCfg = Debug|Any CPU
		{3F423EF1-A6F2-4932-934E-0DBC2CFF4F43}.Debug|Any CPU.Build.0 = Debug|Any CPU
		{3F423EF1-A6F2-4932-934E-0DBC2CFF4F43}.Release|Any CPU.ActiveCfg = Release|Any CPU
		{3F423EF1-A6F2-4932-934E-0DBC2CFF4F43}.Release|Any CPU.Build.0 = Release|Any CPU
		{9C149E09-CEB6-426B-8018-AFD75F2644D1}.Debug|Any CPU.ActiveCfg = Debug|Any CPU
		{9C149E09-CEB6-426B-8018-AFD75F2644D1}.Debug|Any CPU.Build.0 = Debug|Any CPU
		{9C149E09-CEB6-426B-8018-AFD75F2644D1}.Release|Any CPU.ActiveCfg = Release|Any CPU
		{9C149E09-CEB6-426B-8018-AFD75F2644D1}.Release|Any CPU.Build.0 = Release|Any CPU
		{416F0DAF-806F-43D3-8CBF-3805355E4BFA}.Debug|Any CPU.ActiveCfg = Debug|Any CPU
		{416F0DAF-806F-43D3-8CBF-3805355E4BFA}.Debug|Any CPU.Build.0 = Debug|Any CPU
		{416F0DAF-806F-43D3-8CBF-3805355E4BFA}.Release|Any CPU.ActiveCfg = Release|Any CPU
		{416F0DAF-806F-43D3-8CBF-3805355E4BFA}.Release|Any CPU.Build.0 = Release|Any CPU
	EndGlobalSection
	GlobalSection(SolutionProperties) = preSolution
		HideSolutionNode = FALSE
	EndGlobalSection
	GlobalSection(ExtensibilityGlobals) = postSolution
		SolutionGuid = {BCE87B07-686B-47E9-A295-B5433845CCEC}
	EndGlobalSection
EndGlobal
